// !$*UTF8*$!
{
	archiveVersion = 1;
	classes = {
	};
	objectVersion = 50;
	objects = {

/* Begin PBXBuildFile section */
		18D8C4F02562745800D8E903 /* AppDelegate.swift in Sources */ = {isa = PBXBuildFile; fileRef = 18D8C4EF2562745800D8E903 /* AppDelegate.swift */; };
		18D8C4F22562745800D8E903 /* SceneDelegate.swift in Sources */ = {isa = PBXBuildFile; fileRef = 18D8C4F12562745800D8E903 /* SceneDelegate.swift */; };
		18D8C4F42562745800D8E903 /* ViewController.swift in Sources */ = {isa = PBXBuildFile; fileRef = 18D8C4F32562745800D8E903 /* ViewController.swift */; };
		18D8C4F72562745800D8E903 /* Main.storyboard in Resources */ = {isa = PBXBuildFile; fileRef = 18D8C4F52562745800D8E903 /* Main.storyboard */; };
		18D8C4FA2562745800D8E903 /* UIStoryboardSegue_Sample.xcdatamodeld in Sources */ = {isa = PBXBuildFile; fileRef = 18D8C4F82562745800D8E903 /* UIStoryboardSegue_Sample.xcdatamodeld */; };
		18D8C4FC2562745900D8E903 /* Assets.xcassets in Resources */ = {isa = PBXBuildFile; fileRef = 18D8C4FB2562745900D8E903 /* Assets.xcassets */; };
		18D8C4FF2562745900D8E903 /* LaunchScreen.storyboard in Resources */ = {isa = PBXBuildFile; fileRef = 18D8C4FD2562745900D8E903 /* LaunchScreen.storyboard */; };
		18D8C50A2562745900D8E903 /* UIStoryboardSegue_SampleTests.swift in Sources */ = {isa = PBXBuildFile; fileRef = 18D8C5092562745900D8E903 /* UIStoryboardSegue_SampleTests.swift */; };
		18D8C5152562745900D8E903 /* UIStoryboardSegue_SampleUITests.swift in Sources */ = {isa = PBXBuildFile; fileRef = 18D8C5142562745900D8E903 /* UIStoryboardSegue_SampleUITests.swift */; };
/* End PBXBuildFile section */

/* Begin PBXContainerItemProxy section */
		18D8C5062562745900D8E903 /* PBXContainerItemProxy */ = {
			isa = PBXContainerItemProxy;
			containerPortal = 18D8C4E42562745800D8E903 /* Project object */;
			proxyType = 1;
			remoteGlobalIDString = 18D8C4EB2562745800D8E903;
			remoteInfo = "UIStoryboardSegue-Sample";
		};
		18D8C5112562745900D8E903 /* PBXContainerItemProxy */ = {
			isa = PBXContainerItemProxy;
			containerPortal = 18D8C4E42562745800D8E903 /* Project object */;
			proxyType = 1;
			remoteGlobalIDString = 18D8C4EB2562745800D8E903;
			remoteInfo = "UIStoryboardSegue-Sample";
		};
/* End PBXContainerItemProxy section */

/* Begin PBXFileReference section */
		18D8C4EC2562745800D8E903 /* UIStoryboardSegue-Sample.app */ = {isa = PBXFileReference; explicitFileType = wrapper.application; includeInIndex = 0; path = "UIStoryboardSegue-Sample.app"; sourceTree = BUILT_PRODUCTS_DIR; };
		18D8C4EF2562745800D8E903 /* AppDelegate.swift */ = {isa = PBXFileReference; lastKnownFileType = sourcecode.swift; path = AppDelegate.swift; sourceTree = "<group>"; };
		18D8C4F12562745800D8E903 /* SceneDelegate.swift */ = {isa = PBXFileReference; lastKnownFileType = sourcecode.swift; path = SceneDelegate.swift; sourceTree = "<group>"; };
		18D8C4F32562745800D8E903 /* ViewController.swift */ = {isa = PBXFileReference; lastKnownFileType = sourcecode.swift; path = ViewController.swift; sourceTree = "<group>"; };
		18D8C4F62562745800D8E903 /* Base */ = {isa = PBXFileReference; lastKnownFileType = file.storyboard; name = Base; path = Base.lproj/Main.storyboard; sourceTree = "<group>"; };
		18D8C4F92562745800D8E903 /* UIStoryboardSegue_Sample.xcdatamodel */ = {isa = PBXFileReference; lastKnownFileType = wrapper.xcdatamodel; path = UIStoryboardSegue_Sample.xcdatamodel; sourceTree = "<group>"; };
		18D8C4FB2562745900D8E903 /* Assets.xcassets */ = {isa = PBXFileReference; lastKnownFileType = folder.assetcatalog; path = Assets.xcassets; sourceTree = "<group>"; };
		18D8C4FE2562745900D8E903 /* Base */ = {isa = PBXFileReference; lastKnownFileType = file.storyboard; name = Base; path = Base.lproj/LaunchScreen.storyboard; sourceTree = "<group>"; };
		18D8C5002562745900D8E903 /* Info.plist */ = {isa = PBXFileReference; lastKnownFileType = text.plist.xml; path = Info.plist; sourceTree = "<group>"; };
		18D8C5052562745900D8E903 /* UIStoryboardSegue-SampleTests.xctest */ = {isa = PBXFileReference; explicitFileType = wrapper.cfbundle; includeInIndex = 0; path = "UIStoryboardSegue-SampleTests.xctest"; sourceTree = BUILT_PRODUCTS_DIR; };
		18D8C5092562745900D8E903 /* UIStoryboardSegue_SampleTests.swift */ = {isa = PBXFileReference; lastKnownFileType = sourcecode.swift; path = UIStoryboardSegue_SampleTests.swift; sourceTree = "<group>"; };
		18D8C50B2562745900D8E903 /* Info.plist */ = {isa = PBXFileReference; lastKnownFileType = text.plist.xml; path = Info.plist; sourceTree = "<group>"; };
		18D8C5102562745900D8E903 /* UIStoryboardSegue-SampleUITests.xctest */ = {isa = PBXFileReference; explicitFileType = wrapper.cfbundle; includeInIndex = 0; path = "UIStoryboardSegue-SampleUITests.xctest"; sourceTree = BUILT_PRODUCTS_DIR; };
		18D8C5142562745900D8E903 /* UIStoryboardSegue_SampleUITests.swift */ = {isa = PBXFileReference; lastKnownFileType = sourcecode.swift; path = UIStoryboardSegue_SampleUITests.swift; sourceTree = "<group>"; };
		18D8C5162562745900D8E903 /* Info.plist */ = {isa = PBXFileReference; lastKnownFileType = text.plist.xml; path = Info.plist; sourceTree = "<group>"; };
/* End PBXFileReference section */

/* Begin PBXFrameworksBuildPhase section */
		18D8C4E92562745800D8E903 /* Frameworks */ = {
			isa = PBXFrameworksBuildPhase;
			buildActionMask = 2147483647;
			files = (
			);
			runOnlyForDeploymentPostprocessing = 0;
		};
		18D8C5022562745900D8E903 /* Frameworks */ = {
			isa = PBXFrameworksBuildPhase;
			buildActionMask = 2147483647;
			files = (
			);
			runOnlyForDeploymentPostprocessing = 0;
		};
		18D8C50D2562745900D8E903 /* Frameworks */ = {
			isa = PBXFrameworksBuildPhase;
			buildActionMask = 2147483647;
			files = (
			);
			runOnlyForDeploymentPostprocessing = 0;
		};
/* End PBXFrameworksBuildPhase section */

/* Begin PBXGroup section */
		18D8C4E32562745800D8E903 = {
			isa = PBXGroup;
			children = (
				18D8C4EE2562745800D8E903 /* UIStoryboardSegue-Sample */,
				18D8C5082562745900D8E903 /* UIStoryboardSegue-SampleTests */,
				18D8C5132562745900D8E903 /* UIStoryboardSegue-SampleUITests */,
				18D8C4ED2562745800D8E903 /* Products */,
			);
			sourceTree = "<group>";
		};
		18D8C4ED2562745800D8E903 /* Products */ = {
			isa = PBXGroup;
			children = (
				18D8C4EC2562745800D8E903 /* UIStoryboardSegue-Sample.app */,
				18D8C5052562745900D8E903 /* UIStoryboardSegue-SampleTests.xctest */,
				18D8C5102562745900D8E903 /* UIStoryboardSegue-SampleUITests.xctest */,
			);
			name = Products;
			sourceTree = "<group>";
		};
		18D8C4EE2562745800D8E903 /* UIStoryboardSegue-Sample */ = {
			isa = PBXGroup;
			children = (
				18D8C4EF2562745800D8E903 /* AppDelegate.swift */,
				18D8C4F12562745800D8E903 /* SceneDelegate.swift */,
				18D8C4F32562745800D8E903 /* ViewController.swift */,
				18D8C4F52562745800D8E903 /* Main.storyboard */,
				18D8C4FB2562745900D8E903 /* Assets.xcassets */,
				18D8C4FD2562745900D8E903 /* LaunchScreen.storyboard */,
				18D8C5002562745900D8E903 /* Info.plist */,
				18D8C4F82562745800D8E903 /* UIStoryboardSegue_Sample.xcdatamodeld */,
			);
			path = "UIStoryboardSegue-Sample";
			sourceTree = "<group>";
		};
		18D8C5082562745900D8E903 /* UIStoryboardSegue-SampleTests */ = {
			isa = PBXGroup;
			children = (
				18D8C5092562745900D8E903 /* UIStoryboardSegue_SampleTests.swift */,
				18D8C50B2562745900D8E903 /* Info.plist */,
			);
			path = "UIStoryboardSegue-SampleTests";
			sourceTree = "<group>";
		};
		18D8C5132562745900D8E903 /* UIStoryboardSegue-SampleUITests */ = {
			isa = PBXGroup;
			children = (
				18D8C5142562745900D8E903 /* UIStoryboardSegue_SampleUITests.swift */,
				18D8C5162562745900D8E903 /* Info.plist */,
			);
			path = "UIStoryboardSegue-SampleUITests";
			sourceTree = "<group>";
		};
/* End PBXGroup section */

/* Begin PBXNativeTarget section */
		18D8C4EB2562745800D8E903 /* UIStoryboardSegue-Sample */ = {
			isa = PBXNativeTarget;
			buildConfigurationList = 18D8C5192562745900D8E903 /* Build configuration list for PBXNativeTarget "UIStoryboardSegue-Sample" */;
			buildPhases = (
				18D8C4E82562745800D8E903 /* Sources */,
				18D8C4E92562745800D8E903 /* Frameworks */,
				18D8C4EA2562745800D8E903 /* Resources */,
			);
			buildRules = (
			);
			dependencies = (
			);
			name = "UIStoryboardSegue-Sample";
			productName = "UIStoryboardSegue-Sample";
			productReference = 18D8C4EC2562745800D8E903 /* UIStoryboardSegue-Sample.app */;
			productType = "com.apple.product-type.application";
		};
		18D8C5042562745900D8E903 /* UIStoryboardSegue-SampleTests */ = {
			isa = PBXNativeTarget;
			buildConfigurationList = 18D8C51C2562745900D8E903 /* Build configuration list for PBXNativeTarget "UIStoryboardSegue-SampleTests" */;
			buildPhases = (
				18D8C5012562745900D8E903 /* Sources */,
				18D8C5022562745900D8E903 /* Frameworks */,
				18D8C5032562745900D8E903 /* Resources */,
			);
			buildRules = (
			);
			dependencies = (
				18D8C5072562745900D8E903 /* PBXTargetDependency */,
			);
			name = "UIStoryboardSegue-SampleTests";
			productName = "UIStoryboardSegue-SampleTests";
			productReference = 18D8C5052562745900D8E903 /* UIStoryboardSegue-SampleTests.xctest */;
			productType = "com.apple.product-type.bundle.unit-test";
		};
		18D8C50F2562745900D8E903 /* UIStoryboardSegue-SampleUITests */ = {
			isa = PBXNativeTarget;
			buildConfigurationList = 18D8C51F2562745900D8E903 /* Build configuration list for PBXNativeTarget "UIStoryboardSegue-SampleUITests" */;
			buildPhases = (
				18D8C50C2562745900D8E903 /* Sources */,
				18D8C50D2562745900D8E903 /* Frameworks */,
				18D8C50E2562745900D8E903 /* Resources */,
			);
			buildRules = (
			);
			dependencies = (
				18D8C5122562745900D8E903 /* PBXTargetDependency */,
			);
			name = "UIStoryboardSegue-SampleUITests";
			productName = "UIStoryboardSegue-SampleUITests";
			productReference = 18D8C5102562745900D8E903 /* UIStoryboardSegue-SampleUITests.xctest */;
			productType = "com.apple.product-type.bundle.ui-testing";
		};
/* End PBXNativeTarget section */

/* Begin PBXProject section */
		18D8C4E42562745800D8E903 /* Project object */ = {
			isa = PBXProject;
			attributes = {
				LastSwiftUpdateCheck = 1210;
				LastUpgradeCheck = 1210;
				TargetAttributes = {
					18D8C4EB2562745800D8E903 = {
						CreatedOnToolsVersion = 12.1;
					};
					18D8C5042562745900D8E903 = {
						CreatedOnToolsVersion = 12.1;
						TestTargetID = 18D8C4EB2562745800D8E903;
					};
					18D8C50F2562745900D8E903 = {
						CreatedOnToolsVersion = 12.1;
						TestTargetID = 18D8C4EB2562745800D8E903;
					};
				};
			};
			buildConfigurationList = 18D8C4E72562745800D8E903 /* Build configuration list for PBXProject "UIStoryboardSegue-Sample" */;
			compatibilityVersion = "Xcode 9.3";
			developmentRegion = en;
			hasScannedForEncodings = 0;
			knownRegions = (
				en,
				Base,
			);
			mainGroup = 18D8C4E32562745800D8E903;
			productRefGroup = 18D8C4ED2562745800D8E903 /* Products */;
			projectDirPath = "";
			projectRoot = "";
			targets = (
				18D8C4EB2562745800D8E903 /* UIStoryboardSegue-Sample */,
				18D8C5042562745900D8E903 /* UIStoryboardSegue-SampleTests */,
				18D8C50F2562745900D8E903 /* UIStoryboardSegue-SampleUITests */,
			);
		};
/* End PBXProject section */

/* Begin PBXResourcesBuildPhase section */
		18D8C4EA2562745800D8E903 /* Resources */ = {
			isa = PBXResourcesBuildPhase;
			buildActionMask = 2147483647;
			files = (
				18D8C4FF2562745900D8E903 /* LaunchScreen.storyboard in Resources */,
				18D8C4FC2562745900D8E903 /* Assets.xcassets in Resources */,
				18D8C4F72562745800D8E903 /* Main.storyboard in Resources */,
			);
			runOnlyForDeploymentPostprocessing = 0;
		};
		18D8C5032562745900D8E903 /* Resources */ = {
			isa = PBXResourcesBuildPhase;
			buildActionMask = 2147483647;
			files = (
			);
			runOnlyForDeploymentPostprocessing = 0;
		};
		18D8C50E2562745900D8E903 /* Resources */ = {
			isa = PBXResourcesBuildPhase;
			buildActionMask = 2147483647;
			files = (
			);
			runOnlyForDeploymentPostprocessing = 0;
		};
/* End PBXResourcesBuildPhase section */

/* Begin PBXSourcesBuildPhase section */
		18D8C4E82562745800D8E903 /* Sources */ = {
			isa = PBXSourcesBuildPhase;
			buildActionMask = 2147483647;
			files = (
				18D8C4F42562745800D8E903 /* ViewController.swift in Sources */,
				18D8C4F02562745800D8E903 /* AppDelegate.swift in Sources */,
				18D8C4FA2562745800D8E903 /* UIStoryboardSegue_Sample.xcdatamodeld in Sources */,
				18D8C4F22562745800D8E903 /* SceneDelegate.swift in Sources */,
			);
			runOnlyForDeploymentPostprocessing = 0;
		};
		18D8C5012562745900D8E903 /* Sources */ = {
			isa = PBXSourcesBuildPhase;
			buildActionMask = 2147483647;
			files = (
				18D8C50A2562745900D8E903 /* UIStoryboardSegue_SampleTests.swift in Sources */,
			);
			runOnlyForDeploymentPostprocessing = 0;
		};
		18D8C50C2562745900D8E903 /* Sources */ = {
			isa = PBXSourcesBuildPhase;
			buildActionMask = 2147483647;
			files = (
				18D8C5152562745900D8E903 /* UIStoryboardSegue_SampleUITests.swift in Sources */,
			);
			runOnlyForDeploymentPostprocessing = 0;
		};
/* End PBXSourcesBuildPhase section */

/* Begin PBXTargetDependency section */
		18D8C5072562745900D8E903 /* PBXTargetDependency */ = {
			isa = PBXTargetDependency;
			target = 18D8C4EB2562745800D8E903 /* UIStoryboardSegue-Sample */;
			targetProxy = 18D8C5062562745900D8E903 /* PBXContainerItemProxy */;
		};
		18D8C5122562745900D8E903 /* PBXTargetDependency */ = {
			isa = PBXTargetDependency;
			target = 18D8C4EB2562745800D8E903 /* UIStoryboardSegue-Sample */;
			targetProxy = 18D8C5112562745900D8E903 /* PBXContainerItemProxy */;
		};
/* End PBXTargetDependency section */

/* Begin PBXVariantGroup section */
		18D8C4F52562745800D8E903 /* Main.storyboard */ = {
			isa = PBXVariantGroup;
			children = (
				18D8C4F62562745800D8E903 /* Base */,
			);
			name = Main.storyboard;
			sourceTree = "<group>";
		};
		18D8C4FD2562745900D8E903 /* LaunchScreen.storyboard */ = {
			isa = PBXVariantGroup;
			children = (
				18D8C4FE2562745900D8E903 /* Base */,
			);
			name = LaunchScreen.storyboard;
			sourceTree = "<group>";
		};
/* End PBXVariantGroup section */

/* Begin XCBuildConfiguration section */
		18D8C5172562745900D8E903 /* Debug */ = {
			isa = XCBuildConfiguration;
			buildSettings = {
				ALWAYS_SEARCH_USER_PATHS = NO;
				CLANG_ANALYZER_NONNULL = YES;
				CLANG_ANALYZER_NUMBER_OBJECT_CONVERSION = YES_AGGRESSIVE;
				CLANG_CXX_LANGUAGE_STANDARD = "gnu++14";
				CLANG_CXX_LIBRARY = "libc++";
				CLANG_ENABLE_MODULES = YES;
				CLANG_ENABLE_OBJC_ARC = YES;
				CLANG_ENABLE_OBJC_WEAK = YES;
				CLANG_WARN_BLOCK_CAPTURE_AUTORELEASING = YES;
				CLANG_WARN_BOOL_CONVERSION = YES;
				CLANG_WARN_COMMA = YES;
				CLANG_WARN_CONSTANT_CONVERSION = YES;
				CLANG_WARN_DEPRECATED_OBJC_IMPLEMENTATIONS = YES;
				CLANG_WARN_DIRECT_OBJC_ISA_USAGE = YES_ERROR;
				CLANG_WARN_DOCUMENTATION_COMMENTS = YES;
				CLANG_WARN_EMPTY_BODY = YES;
				CLANG_WARN_ENUM_CONVERSION = YES;
				CLANG_WARN_INFINITE_RECURSION = YES;
				CLANG_WARN_INT_CONVERSION = YES;
				CLANG_WARN_NON_LITERAL_NULL_CONVERSION = YES;
				CLANG_WARN_OBJC_IMPLICIT_RETAIN_SELF = YES;
				CLANG_WARN_OBJC_LITERAL_CONVERSION = YES;
				CLANG_WARN_OBJC_ROOT_CLASS = YES_ERROR;
				CLANG_WARN_QUOTED_INCLUDE_IN_FRAMEWORK_HEADER = YES;
				CLANG_WARN_RANGE_LOOP_ANALYSIS = YES;
				CLANG_WARN_STRICT_PROTOTYPES = YES;
				CLANG_WARN_SUSPICIOUS_MOVE = YES;
				CLANG_WARN_UNGUARDED_AVAILABILITY = YES_AGGRESSIVE;
				CLANG_WARN_UNREACHABLE_CODE = YES;
				CLANG_WARN__DUPLICATE_METHOD_MATCH = YES;
				COPY_PHASE_STRIP = NO;
				DEBUG_INFORMATION_FORMAT = dwarf;
				ENABLE_STRICT_OBJC_MSGSEND = YES;
				ENABLE_TESTABILITY = YES;
				GCC_C_LANGUAGE_STANDARD = gnu11;
				GCC_DYNAMIC_NO_PIC = NO;
				GCC_NO_COMMON_BLOCKS = YES;
				GCC_OPTIMIZATION_LEVEL = 0;
				GCC_PREPROCESSOR_DEFINITIONS = (
					"DEBUG=1",
					"$(inherited)",
				);
				GCC_WARN_64_TO_32_BIT_CONVERSION = YES;
				GCC_WARN_ABOUT_RETURN_TYPE = YES_ERROR;
				GCC_WARN_UNDECLARED_SELECTOR = YES;
				GCC_WARN_UNINITIALIZED_AUTOS = YES_AGGRESSIVE;
				GCC_WARN_UNUSED_FUNCTION = YES;
				GCC_WARN_UNUSED_VARIABLE = YES;
				IPHONEOS_DEPLOYMENT_TARGET = 14.1;
				MTL_ENABLE_DEBUG_INFO = INCLUDE_SOURCE;
				MTL_FAST_MATH = YES;
				ONLY_ACTIVE_ARCH = YES;
				SDKROOT = iphoneos;
				SWIFT_ACTIVE_COMPILATION_CONDITIONS = DEBUG;
				SWIFT_OPTIMIZATION_LEVEL = "-Onone";
			};
			name = Debug;
		};
		18D8C5182562745900D8E903 /* Release */ = {
			isa = XCBuildConfiguration;
			buildSettings = {
				ALWAYS_SEARCH_USER_PATHS = NO;
				CLANG_ANALYZER_NONNULL = YES;
				CLANG_ANALYZER_NUMBER_OBJECT_CONVERSION = YES_AGGRESSIVE;
				CLANG_CXX_LANGUAGE_STANDARD = "gnu++14";
				CLANG_CXX_LIBRARY = "libc++";
				CLANG_ENABLE_MODULES = YES;
				CLANG_ENABLE_OBJC_ARC = YES;
				CLANG_ENABLE_OBJC_WEAK = YES;
				CLANG_WARN_BLOCK_CAPTURE_AUTORELEASING = YES;
				CLANG_WARN_BOOL_CONVERSION = YES;
				CLANG_WARN_COMMA = YES;
				CLANG_WARN_CONSTANT_CONVERSION = YES;
				CLANG_WARN_DEPRECATED_OBJC_IMPLEMENTATIONS = YES;
				CLANG_WARN_DIRECT_OBJC_ISA_USAGE = YES_ERROR;
				CLANG_WARN_DOCUMENTATION_COMMENTS = YES;
				CLANG_WARN_EMPTY_BODY = YES;
				CLANG_WARN_ENUM_CONVERSION = YES;
				CLANG_WARN_INFINITE_RECURSION = YES;
				CLANG_WARN_INT_CONVERSION = YES;
				CLANG_WARN_NON_LITERAL_NULL_CONVERSION = YES;
				CLANG_WARN_OBJC_IMPLICIT_RETAIN_SELF = YES;
				CLANG_WARN_OBJC_LITERAL_CONVERSION = YES;
				CLANG_WARN_OBJC_ROOT_CLASS = YES_ERROR;
				CLANG_WARN_QUOTED_INCLUDE_IN_FRAMEWORK_HEADER = YES;
				CLANG_WARN_RANGE_LOOP_ANALYSIS = YES;
				CLANG_WARN_STRICT_PROTOTYPES = YES;
				CLANG_WARN_SUSPICIOUS_MOVE = YES;
				CLANG_WARN_UNGUARDED_AVAILABILITY = YES_AGGRESSIVE;
				CLANG_WARN_UNREACHABLE_CODE = YES;
				CLANG_WARN__DUPLICATE_METHOD_MATCH = YES;
				COPY_PHASE_STRIP = NO;
				DEBUG_INFORMATION_FORMAT = "dwarf-with-dsym";
				ENABLE_NS_ASSERTIONS = NO;
				ENABLE_STRICT_OBJC_MSGSEND = YES;
				GCC_C_LANGUAGE_STANDARD = gnu11;
				GCC_NO_COMMON_BLOCKS = YES;
				GCC_WARN_64_TO_32_BIT_CONVERSION = YES;
				GCC_WARN_ABOUT_RETURN_TYPE = YES_ERROR;
				GCC_WARN_UNDECLARED_SELECTOR = YES;
				GCC_WARN_UNINITIALIZED_AUTOS = YES_AGGRESSIVE;
				GCC_WARN_UNUSED_FUNCTION = YES;
				GCC_WARN_UNUSED_VARIABLE = YES;
				IPHONEOS_DEPLOYMENT_TARGET = 14.1;
				MTL_ENABLE_DEBUG_INFO = NO;
				MTL_FAST_MATH = YES;
				SDKROOT = iphoneos;
				SWIFT_COMPILATION_MODE = wholemodule;
				SWIFT_OPTIMIZATION_LEVEL = "-O";
				VALIDATE_PRODUCT = YES;
			};
			name = Release;
		};
		18D8C51A2562745900D8E903 /* Debug */ = {
			isa = XCBuildConfiguration;
			buildSettings = {
				ASSETCATALOG_COMPILER_APPICON_NAME = AppIcon;
				ASSETCATALOG_COMPILER_GLOBAL_ACCENT_COLOR_NAME = AccentColor;
				CODE_SIGN_STYLE = Automatic;
				DEVELOPMENT_TEAM = X64KFLXG3H;
				INFOPLIST_FILE = "UIStoryboardSegue-Sample/Info.plist";
				LD_RUNPATH_SEARCH_PATHS = (
					"$(inherited)",
					"@executable_path/Frameworks",
				);
				PRODUCT_BUNDLE_IDENTIFIER = "com.nutdanai.vankrua.UIStoryboardSegue-Sample";
				PRODUCT_NAME = "$(TARGET_NAME)";
				SWIFT_VERSION = 5.0;
				TARGETED_DEVICE_FAMILY = "1,2";
			};
			name = Debug;
		};
		18D8C51B2562745900D8E903 /* Release */ = {
			isa = XCBuildConfiguration;
			buildSettings = {
				ASSETCATALOG_COMPILER_APPICON_NAME = AppIcon;
				ASSETCATALOG_COMPILER_GLOBAL_ACCENT_COLOR_NAME = AccentColor;
				CODE_SIGN_STYLE = Automatic;
				DEVELOPMENT_TEAM = X64KFLXG3H;
				INFOPLIST_FILE = "UIStoryboardSegue-Sample/Info.plist";
				LD_RUNPATH_SEARCH_PATHS = (
					"$(inherited)",
					"@executable_path/Frameworks",
				);
				PRODUCT_BUNDLE_IDENTIFIER = "com.nutdanai.vankrua.UIStoryboardSegue-Sample";
				PRODUCT_NAME = "$(TARGET_NAME)";
				SWIFT_VERSION = 5.0;
				TARGETED_DEVICE_FAMILY = "1,2";
			};
			name = Release;
		};
		18D8C51D2562745900D8E903 /* Debug */ = {
			isa = XCBuildConfiguration;
			buildSettings = {
				ALWAYS_EMBED_SWIFT_STANDARD_LIBRARIES = YES;
				BUNDLE_LOADER = "$(TEST_HOST)";
				CODE_SIGN_STYLE = Automatic;
				DEVELOPMENT_TEAM = X64KFLXG3H;
				INFOPLIST_FILE = "UIStoryboardSegue-SampleTests/Info.plist";
				IPHONEOS_DEPLOYMENT_TARGET = 14.1;
				LD_RUNPATH_SEARCH_PATHS = (
					"$(inherited)",
					"@executable_path/Frameworks",
					"@loader_path/Frameworks",
				);
				PRODUCT_BUNDLE_IDENTIFIER = "com.nutdanai.vankrua.UIStoryboardSegue-SampleTests";
				PRODUCT_NAME = "$(TARGET_NAME)";
				SWIFT_VERSION = 5.0;
				TARGETED_DEVICE_FAMILY = "1,2";
				TEST_HOST = "$(BUILT_PRODUCTS_DIR)/UIStoryboardSegue-Sample.app/UIStoryboardSegue-Sample";
			};
			name = Debug;
		};
		18D8C51E2562745900D8E903 /* Release */ = {
			isa = XCBuildConfiguration;
			buildSettings = {
				ALWAYS_EMBED_SWIFT_STANDARD_LIBRARIES = YES;
				BUNDLE_LOADER = "$(TEST_HOST)";
				CODE_SIGN_STYLE = Automatic;
				DEVELOPMENT_TEAM = X64KFLXG3H;
				INFOPLIST_FILE = "UIStoryboardSegue-SampleTests/Info.plist";
				IPHONEOS_DEPLOYMENT_TARGET = 14.1;
				LD_RUNPATH_SEARCH_PATHS = (
					"$(inherited)",
					"@executable_path/Frameworks",
					"@loader_path/Frameworks",
				);
				PRODUCT_BUNDLE_IDENTIFIER = "com.nutdanai.vankrua.UIStoryboardSegue-SampleTests";
				PRODUCT_NAME = "$(TARGET_NAME)";
				SWIFT_VERSION = 5.0;
				TARGETED_DEVICE_FAMILY = "1,2";
				TEST_HOST = "$(BUILT_PRODUCTS_DIR)/UIStoryboardSegue-Sample.app/UIStoryboardSegue-Sample";
			};
			name = Release;
		};
		18D8C5202562745900D8E903 /* Debug */ = {
			isa = XCBuildConfiguration;
			buildSettings = {
				ALWAYS_EMBED_SWIFT_STANDARD_LIBRARIES = YES;
				CODE_SIGN_STYLE = Automatic;
				DEVELOPMENT_TEAM = X64KFLXG3H;
				INFOPLIST_FILE = "UIStoryboardSegue-SampleUITests/Info.plist";
				LD_RUNPATH_SEARCH_PATHS = (
					"$(inherited)",
					"@executable_path/Frameworks",
					"@loader_path/Frameworks",
				);
				PRODUCT_BUNDLE_IDENTIFIER = "com.nutdanai.vankrua.UIStoryboardSegue-SampleUITests";
				PRODUCT_NAME = "$(TARGET_NAME)";
				SWIFT_VERSION = 5.0;
				TARGETED_DEVICE_FAMILY = "1,2";
				TEST_TARGET_NAME = "UIStoryboardSegue-Sample";
			};
			name = Debug;
		};
		18D8C5212562745900D8E903 /* Release */ = {
			isa = XCBuildConfiguration;
			buildSettings = {
				ALWAYS_EMBED_SWIFT_STANDARD_LIBRARIES = YES;
				CODE_SIGN_STYLE = Automatic;
				DEVELOPMENT_TEAM = X64KFLXG3H;
				INFOPLIST_FILE = "UIStoryboardSegue-SampleUITests/Info.plist";
				LD_RUNPATH_SEARCH_PATHS = (
					"$(inherited)",
					"@executable_path/Frameworks",
					"@loader_path/Frameworks",
				);
				PRODUCT_BUNDLE_IDENTIFIER = "com.nutdanai.vankrua.UIStoryboardSegue-SampleUITests";
				PRODUCT_NAME = "$(TARGET_NAME)";
				SWIFT_VERSION = 5.0;
				TARGETED_DEVICE_FAMILY = "1,2";
				TEST_TARGET_NAME = "UIStoryboardSegue-Sample";
			};
			name = Release;
		};
/* End XCBuildConfiguration section */

/* Begin XCConfigurationList section */
		18D8C4E72562745800D8E903 /* Build configuration list for PBXProject "UIStoryboardSegue-Sample" */ = {
			isa = XCConfigurationList;
			buildConfigurations = (
				18D8C5172562745900D8E903 /* Debug */,
				18D8C5182562745900D8E903 /* Release */,
			);
			defaultConfigurationIsVisible = 0;
			defaultConfigurationName = Release;
		};
		18D8C5192562745900D8E903 /* Build configuration list for PBXNativeTarget "UIStoryboardSegue-Sample" */ = {
			isa = XCConfigurationList;
			buildConfigurations = (
				18D8C51A2562745900D8E903 /* Debug */,
				18D8C51B2562745900D8E903 /* Release */,
			);
			defaultConfigurationIsVisible = 0;
			defaultConfigurationName = Release;
		};
		18D8C51C2562745900D8E903 /* Build configuration list for PBXNativeTarget "UIStoryboardSegue-SampleTests" */ = {
			isa = XCConfigurationList;
			buildConfigurations = (
				18D8C51D2562745900D8E903 /* Debug */,
				18D8C51E2562745900D8E903 /* Release */,
			);
			defaultConfigurationIsVisible = 0;
			defaultConfigurationName = Release;
		};
		18D8C51F2562745900D8E903 /* Build configuration list for PBXNativeTarget "UIStoryboardSegue-SampleUITests" */ = {
			isa = XCConfigurationList;
			buildConfigurations = (
				18D8C5202562745900D8E903 /* Debug */,
				18D8C5212562745900D8E903 /* Release */,
			);
			defaultConfigurationIsVisible = 0;
			defaultConfigurationName = Release;
		};
/* End XCConfigurationList section */

/* Begin XCVersionGroup section */
		18D8C4F82562745800D8E903 /* UIStoryboardSegue_Sample.xcdatamodeld */ = {
			isa = XCVersionGroup;
			children = (
				18D8C4F92562745800D8E903 /* UIStoryboardSegue_Sample.xcdatamodel */,
			);
			currentVersion = 18D8C4F92562745800D8E903 /* UIStoryboardSegue_Sample.xcdatamodel */;
			path = UIStoryboardSegue_Sample.xcdatamodeld;
			sourceTree = "<group>";
			versionGroupType = wrapper.xcdatamodel;
		};
/* End XCVersionGroup section */
	};
	rootObject = 18D8C4E42562745800D8E903 /* Project object */;
}
