// !$*UTF8*$!
{
	archiveVersion = 1;
	classes = {
	};
	objectVersion = 50;
	objects = {

/* Begin PBXBuildFile section */
		18D8CE7D25626D1600D54B0D /* AppDelegate.swift in Sources */ = {isa = PBXBuildFile; fileRef = 18D8CE7C25626D1600D54B0D /* AppDelegate.swift */; };
		18D8CE7F25626D1600D54B0D /* SceneDelegate.swift in Sources */ = {isa = PBXBuildFile; fileRef = 18D8CE7E25626D1600D54B0D /* SceneDelegate.swift */; };
		18D8CE8125626D1600D54B0D /* ViewController.swift in Sources */ = {isa = PBXBuildFile; fileRef = 18D8CE8025626D1600D54B0D /* ViewController.swift */; };
		18D8CE8725626D1600D54B0D /* UIViewControllerModal.xcdatamodeld in Sources */ = {isa = PBXBuildFile; fileRef = 18D8CE8525626D1600D54B0D /* UIViewControllerModal.xcdatamodeld */; };
		18D8CE8925626D1700D54B0D /* Assets.xcassets in Resources */ = {isa = PBXBuildFile; fileRef = 18D8CE8825626D1700D54B0D /* Assets.xcassets */; };
		18D8CE8C25626D1700D54B0D /* LaunchScreen.storyboard in Resources */ = {isa = PBXBuildFile; fileRef = 18D8CE8A25626D1700D54B0D /* LaunchScreen.storyboard */; };
		18D8CE9725626D1800D54B0D /* UIViewControllerModalTests.swift in Sources */ = {isa = PBXBuildFile; fileRef = 18D8CE9625626D1800D54B0D /* UIViewControllerModalTests.swift */; };
		18D8CEA225626D1800D54B0D /* UIViewControllerModalUITests.swift in Sources */ = {isa = PBXBuildFile; fileRef = 18D8CEA125626D1800D54B0D /* UIViewControllerModalUITests.swift */; };
/* End PBXBuildFile section */

/* Begin PBXContainerItemProxy section */
		18D8CE9325626D1800D54B0D /* PBXContainerItemProxy */ = {
			isa = PBXContainerItemProxy;
			containerPortal = 18D8CE7125626D1600D54B0D /* Project object */;
			proxyType = 1;
			remoteGlobalIDString = 18D8CE7825626D1600D54B0D;
			remoteInfo = UIViewControllerModal;
		};
		18D8CE9E25626D1800D54B0D /* PBXContainerItemProxy */ = {
			isa = PBXContainerItemProxy;
			containerPortal = 18D8CE7125626D1600D54B0D /* Project object */;
			proxyType = 1;
			remoteGlobalIDString = 18D8CE7825626D1600D54B0D;
			remoteInfo = UIViewControllerModal;
		};
/* End PBXContainerItemProxy section */

/* Begin PBXFileReference section */
		18D8CE7925626D1600D54B0D /* UIViewControllerModal.app */ = {isa = PBXFileReference; explicitFileType = wrapper.application; includeInIndex = 0; path = UIViewControllerModal.app; sourceTree = BUILT_PRODUCTS_DIR; };
		18D8CE7C25626D1600D54B0D /* AppDelegate.swift */ = {isa = PBXFileReference; lastKnownFileType = sourcecode.swift; path = AppDelegate.swift; sourceTree = "<group>"; };
		18D8CE7E25626D1600D54B0D /* SceneDelegate.swift */ = {isa = PBXFileReference; lastKnownFileType = sourcecode.swift; path = SceneDelegate.swift; sourceTree = "<group>"; };
		18D8CE8025626D1600D54B0D /* ViewController.swift */ = {isa = PBXFileReference; lastKnownFileType = sourcecode.swift; path = ViewController.swift; sourceTree = "<group>"; };
		18D8CE8625626D1600D54B0D /* UIViewControllerModal.xcdatamodel */ = {isa = PBXFileReference; lastKnownFileType = wrapper.xcdatamodel; path = UIViewControllerModal.xcdatamodel; sourceTree = "<group>"; };
		18D8CE8825626D1700D54B0D /* Assets.xcassets */ = {isa = PBXFileReference; lastKnownFileType = folder.assetcatalog; path = Assets.xcassets; sourceTree = "<group>"; };
		18D8CE8B25626D1700D54B0D /* Base */ = {isa = PBXFileReference; lastKnownFileType = file.storyboard; name = Base; path = Base.lproj/LaunchScreen.storyboard; sourceTree = "<group>"; };
		18D8CE8D25626D1700D54B0D /* Info.plist */ = {isa = PBXFileReference; lastKnownFileType = text.plist.xml; path = Info.plist; sourceTree = "<group>"; };
		18D8CE9225626D1800D54B0D /* UIViewControllerModalTests.xctest */ = {isa = PBXFileReference; explicitFileType = wrapper.cfbundle; includeInIndex = 0; path = UIViewControllerModalTests.xctest; sourceTree = BUILT_PRODUCTS_DIR; };
		18D8CE9625626D1800D54B0D /* UIViewControllerModalTests.swift */ = {isa = PBXFileReference; lastKnownFileType = sourcecode.swift; path = UIViewControllerModalTests.swift; sourceTree = "<group>"; };
		18D8CE9825626D1800D54B0D /* Info.plist */ = {isa = PBXFileReference; lastKnownFileType = text.plist.xml; path = Info.plist; sourceTree = "<group>"; };
		18D8CE9D25626D1800D54B0D /* UIViewControllerModalUITests.xctest */ = {isa = PBXFileReference; explicitFileType = wrapper.cfbundle; includeInIndex = 0; path = UIViewControllerModalUITests.xctest; sourceTree = BUILT_PRODUCTS_DIR; };
		18D8CEA125626D1800D54B0D /* UIViewControllerModalUITests.swift */ = {isa = PBXFileReference; lastKnownFileType = sourcecode.swift; path = UIViewControllerModalUITests.swift; sourceTree = "<group>"; };
		18D8CEA325626D1800D54B0D /* Info.plist */ = {isa = PBXFileReference; lastKnownFileType = text.plist.xml; path = Info.plist; sourceTree = "<group>"; };
/* End PBXFileReference section */

/* Begin PBXFrameworksBuildPhase section */
		18D8CE7625626D1600D54B0D /* Frameworks */ = {
			isa = PBXFrameworksBuildPhase;
			buildActionMask = 2147483647;
			files = (
			);
			runOnlyForDeploymentPostprocessing = 0;
		};
		18D8CE8F25626D1800D54B0D /* Frameworks */ = {
			isa = PBXFrameworksBuildPhase;
			buildActionMask = 2147483647;
			files = (
			);
			runOnlyForDeploymentPostprocessing = 0;
		};
		18D8CE9A25626D1800D54B0D /* Frameworks */ = {
			isa = PBXFrameworksBuildPhase;
			buildActionMask = 2147483647;
			files = (
			);
			runOnlyForDeploymentPostprocessing = 0;
		};
/* End PBXFrameworksBuildPhase section */

/* Begin PBXGroup section */
		18D8CE7025626D1600D54B0D = {
			isa = PBXGroup;
			children = (
				18D8CE7B25626D1600D54B0D /* UIViewControllerModal */,
				18D8CE9525626D1800D54B0D /* UIViewControllerModalTests */,
				18D8CEA025626D1800D54B0D /* UIViewControllerModalUITests */,
				18D8CE7A25626D1600D54B0D /* Products */,
			);
			sourceTree = "<group>";
		};
		18D8CE7A25626D1600D54B0D /* Products */ = {
			isa = PBXGroup;
			children = (
				18D8CE7925626D1600D54B0D /* UIViewControllerModal.app */,
				18D8CE9225626D1800D54B0D /* UIViewControllerModalTests.xctest */,
				18D8CE9D25626D1800D54B0D /* UIViewControllerModalUITests.xctest */,
			);
			name = Products;
			sourceTree = "<group>";
		};
		18D8CE7B25626D1600D54B0D /* UIViewControllerModal */ = {
			isa = PBXGroup;
			children = (
				18D8CE7C25626D1600D54B0D /* AppDelegate.swift */,
				18D8CE7E25626D1600D54B0D /* SceneDelegate.swift */,
				18D8CE8025626D1600D54B0D /* ViewController.swift */,
				18D8CE8825626D1700D54B0D /* Assets.xcassets */,
				18D8CE8A25626D1700D54B0D /* LaunchScreen.storyboard */,
				18D8CE8D25626D1700D54B0D /* Info.plist */,
				18D8CE8525626D1600D54B0D /* UIViewControllerModal.xcdatamodeld */,
			);
			path = UIViewControllerModal;
			sourceTree = "<group>";
		};
		18D8CE9525626D1800D54B0D /* UIViewControllerModalTests */ = {
			isa = PBXGroup;
			children = (
				18D8CE9625626D1800D54B0D /* UIViewControllerModalTests.swift */,
				18D8CE9825626D1800D54B0D /* Info.plist */,
			);
			path = UIViewControllerModalTests;
			sourceTree = "<group>";
		};
		18D8CEA025626D1800D54B0D /* UIViewControllerModalUITests */ = {
			isa = PBXGroup;
			children = (
				18D8CEA125626D1800D54B0D /* UIViewControllerModalUITests.swift */,
				18D8CEA325626D1800D54B0D /* Info.plist */,
			);
			path = UIViewControllerModalUITests;
			sourceTree = "<group>";
		};
/* End PBXGroup section */

/* Begin PBXNativeTarget section */
		18D8CE7825626D1600D54B0D /* UIViewControllerModal */ = {
			isa = PBXNativeTarget;
			buildConfigurationList = 18D8CEA625626D1800D54B0D /* Build configuration list for PBXNativeTarget "UIViewControllerModal" */;
			buildPhases = (
				18D8CE7525626D1600D54B0D /* Sources */,
				18D8CE7625626D1600D54B0D /* Frameworks */,
				18D8CE7725626D1600D54B0D /* Resources */,
			);
			buildRules = (
			);
			dependencies = (
			);
			name = UIViewControllerModal;
			productName = UIViewControllerModal;
			productReference = 18D8CE7925626D1600D54B0D /* UIViewControllerModal.app */;
			productType = "com.apple.product-type.application";
		};
		18D8CE9125626D1800D54B0D /* UIViewControllerModalTests */ = {
			isa = PBXNativeTarget;
			buildConfigurationList = 18D8CEA925626D1800D54B0D /* Build configuration list for PBXNativeTarget "UIViewControllerModalTests" */;
			buildPhases = (
				18D8CE8E25626D1800D54B0D /* Sources */,
				18D8CE8F25626D1800D54B0D /* Frameworks */,
				18D8CE9025626D1800D54B0D /* Resources */,
			);
			buildRules = (
			);
			dependencies = (
				18D8CE9425626D1800D54B0D /* PBXTargetDependency */,
			);
			name = UIViewControllerModalTests;
			productName = UIViewControllerModalTests;
			productReference = 18D8CE9225626D1800D54B0D /* UIViewControllerModalTests.xctest */;
			productType = "com.apple.product-type.bundle.unit-test";
		};
		18D8CE9C25626D1800D54B0D /* UIViewControllerModalUITests */ = {
			isa = PBXNativeTarget;
			buildConfigurationList = 18D8CEAC25626D1800D54B0D /* Build configuration list for PBXNativeTarget "UIViewControllerModalUITests" */;
			buildPhases = (
				18D8CE9925626D1800D54B0D /* Sources */,
				18D8CE9A25626D1800D54B0D /* Frameworks */,
				18D8CE9B25626D1800D54B0D /* Resources */,
			);
			buildRules = (
			);
			dependencies = (
				18D8CE9F25626D1800D54B0D /* PBXTargetDependency */,
			);
			name = UIViewControllerModalUITests;
			productName = UIViewControllerModalUITests;
			productReference = 18D8CE9D25626D1800D54B0D /* UIViewControllerModalUITests.xctest */;
			productType = "com.apple.product-type.bundle.ui-testing";
		};
/* End PBXNativeTarget section */

/* Begin PBXProject section */
		18D8CE7125626D1600D54B0D /* Project object */ = {
			isa = PBXProject;
			attributes = {
				LastSwiftUpdateCheck = 1210;
				LastUpgradeCheck = 1210;
				TargetAttributes = {
					18D8CE7825626D1600D54B0D = {
						CreatedOnToolsVersion = 12.1;
					};
					18D8CE9125626D1800D54B0D = {
						CreatedOnToolsVersion = 12.1;
						TestTargetID = 18D8CE7825626D1600D54B0D;
					};
					18D8CE9C25626D1800D54B0D = {
						CreatedOnToolsVersion = 12.1;
						TestTargetID = 18D8CE7825626D1600D54B0D;
					};
				};
			};
			buildConfigurationList = 18D8CE7425626D1600D54B0D /* Build configuration list for PBXProject "UIViewControllerModal" */;
			compatibilityVersion = "Xcode 9.3";
			developmentRegion = en;
			hasScannedForEncodings = 0;
			knownRegions = (
				en,
				Base,
			);
			mainGroup = 18D8CE7025626D1600D54B0D;
			productRefGroup = 18D8CE7A25626D1600D54B0D /* Products */;
			projectDirPath = "";
			projectRoot = "";
			targets = (
				18D8CE7825626D1600D54B0D /* UIViewControllerModal */,
				18D8CE9125626D1800D54B0D /* UIViewControllerModalTests */,
				18D8CE9C25626D1800D54B0D /* UIViewControllerModalUITests */,
			);
		};
/* End PBXProject section */

/* Begin PBXResourcesBuildPhase section */
		18D8CE7725626D1600D54B0D /* Resources */ = {
			isa = PBXResourcesBuildPhase;
			buildActionMask = 2147483647;
			files = (
				18D8CE8C25626D1700D54B0D /* LaunchScreen.storyboard in Resources */,
				18D8CE8925626D1700D54B0D /* Assets.xcassets in Resources */,
			);
			runOnlyForDeploymentPostprocessing = 0;
		};
		18D8CE9025626D1800D54B0D /* Resources */ = {
			isa = PBXResourcesBuildPhase;
			buildActionMask = 2147483647;
			files = (
			);
			runOnlyForDeploymentPostprocessing = 0;
		};
		18D8CE9B25626D1800D54B0D /* Resources */ = {
			isa = PBXResourcesBuildPhase;
			buildActionMask = 2147483647;
			files = (
			);
			runOnlyForDeploymentPostprocessing = 0;
		};
/* End PBXResourcesBuildPhase section */

/* Begin PBXSourcesBuildPhase section */
		18D8CE7525626D1600D54B0D /* Sources */ = {
			isa = PBXSourcesBuildPhase;
			buildActionMask = 2147483647;
			files = (
				18D8CE8725626D1600D54B0D /* UIViewControllerModal.xcdatamodeld in Sources */,
				18D8CE8125626D1600D54B0D /* ViewController.swift in Sources */,
				18D8CE7D25626D1600D54B0D /* AppDelegate.swift in Sources */,
				18D8CE7F25626D1600D54B0D /* SceneDelegate.swift in Sources */,
			);
			runOnlyForDeploymentPostprocessing = 0;
		};
		18D8CE8E25626D1800D54B0D /* Sources */ = {
			isa = PBXSourcesBuildPhase;
			buildActionMask = 2147483647;
			files = (
				18D8CE9725626D1800D54B0D /* UIViewControllerModalTests.swift in Sources */,
			);
			runOnlyForDeploymentPostprocessing = 0;
		};
		18D8CE9925626D1800D54B0D /* Sources */ = {
			isa = PBXSourcesBuildPhase;
			buildActionMask = 2147483647;
			files = (
				18D8CEA225626D1800D54B0D /* UIViewControllerModalUITests.swift in Sources */,
			);
			runOnlyForDeploymentPostprocessing = 0;
		};
/* End PBXSourcesBuildPhase section */

/* Begin PBXTargetDependency section */
		18D8CE9425626D1800D54B0D /* PBXTargetDependency */ = {
			isa = PBXTargetDependency;
			target = 18D8CE7825626D1600D54B0D /* UIViewControllerModal */;
			targetProxy = 18D8CE9325626D1800D54B0D /* PBXContainerItemProxy */;
		};
		18D8CE9F25626D1800D54B0D /* PBXTargetDependency */ = {
			isa = PBXTargetDependency;
			target = 18D8CE7825626D1600D54B0D /* UIViewControllerModal */;
			targetProxy = 18D8CE9E25626D1800D54B0D /* PBXContainerItemProxy */;
		};
/* End PBXTargetDependency section */

/* Begin PBXVariantGroup section */
		18D8CE8A25626D1700D54B0D /* LaunchScreen.storyboard */ = {
			isa = PBXVariantGroup;
			children = (
				18D8CE8B25626D1700D54B0D /* Base */,
			);
			name = LaunchScreen.storyboard;
			sourceTree = "<group>";
		};
/* End PBXVariantGroup section */

/* Begin XCBuildConfiguration section */
		18D8CEA425626D1800D54B0D /* Debug */ = {
			isa = XCBuildConfiguration;
			buildSettings = {
				ALWAYS_SEARCH_USER_PATHS = NO;
				CLANG_ANALYZER_NONNULL = YES;
				CLANG_ANALYZER_NUMBER_OBJECT_CONVERSION = YES_AGGRESSIVE;
				CLANG_CXX_LANGUAGE_STANDARD = "gnu++14";
				CLANG_CXX_LIBRARY = "libc++";
				CLANG_ENABLE_MODULES = YES;
				CLANG_ENABLE_OBJC_ARC = YES;
				CLANG_ENABLE_OBJC_WEAK = YES;
				CLANG_WARN_BLOCK_CAPTURE_AUTORELEASING = YES;
				CLANG_WARN_BOOL_CONVERSION = YES;
				CLANG_WARN_COMMA = YES;
				CLANG_WARN_CONSTANT_CONVERSION = YES;
				CLANG_WARN_DEPRECATED_OBJC_IMPLEMENTATIONS = YES;
				CLANG_WARN_DIRECT_OBJC_ISA_USAGE = YES_ERROR;
				CLANG_WARN_DOCUMENTATION_COMMENTS = YES;
				CLANG_WARN_EMPTY_BODY = YES;
				CLANG_WARN_ENUM_CONVERSION = YES;
				CLANG_WARN_INFINITE_RECURSION = YES;
				CLANG_WARN_INT_CONVERSION = YES;
				CLANG_WARN_NON_LITERAL_NULL_CONVERSION = YES;
				CLANG_WARN_OBJC_IMPLICIT_RETAIN_SELF = YES;
				CLANG_WARN_OBJC_LITERAL_CONVERSION = YES;
				CLANG_WARN_OBJC_ROOT_CLASS = YES_ERROR;
				CLANG_WARN_QUOTED_INCLUDE_IN_FRAMEWORK_HEADER = YES;
				CLANG_WARN_RANGE_LOOP_ANALYSIS = YES;
				CLANG_WARN_STRICT_PROTOTYPES = YES;
				CLANG_WARN_SUSPICIOUS_MOVE = YES;
				CLANG_WARN_UNGUARDED_AVAILABILITY = YES_AGGRESSIVE;
				CLANG_WARN_UNREACHABLE_CODE = YES;
				CLANG_WARN__DUPLICATE_METHOD_MATCH = YES;
				COPY_PHASE_STRIP = NO;
				DEBUG_INFORMATION_FORMAT = dwarf;
				ENABLE_STRICT_OBJC_MSGSEND = YES;
				ENABLE_TESTABILITY = YES;
				GCC_C_LANGUAGE_STANDARD = gnu11;
				GCC_DYNAMIC_NO_PIC = NO;
				GCC_NO_COMMON_BLOCKS = YES;
				GCC_OPTIMIZATION_LEVEL = 0;
				GCC_PREPROCESSOR_DEFINITIONS = (
					"DEBUG=1",
					"$(inherited)",
				);
				GCC_WARN_64_TO_32_BIT_CONVERSION = YES;
				GCC_WARN_ABOUT_RETURN_TYPE = YES_ERROR;
				GCC_WARN_UNDECLARED_SELECTOR = YES;
				GCC_WARN_UNINITIALIZED_AUTOS = YES_AGGRESSIVE;
				GCC_WARN_UNUSED_FUNCTION = YES;
				GCC_WARN_UNUSED_VARIABLE = YES;
				IPHONEOS_DEPLOYMENT_TARGET = 14.1;
				MTL_ENABLE_DEBUG_INFO = INCLUDE_SOURCE;
				MTL_FAST_MATH = YES;
				ONLY_ACTIVE_ARCH = YES;
				SDKROOT = iphoneos;
				SWIFT_ACTIVE_COMPILATION_CONDITIONS = DEBUG;
				SWIFT_OPTIMIZATION_LEVEL = "-Onone";
			};
			name = Debug;
		};
		18D8CEA525626D1800D54B0D /* Release */ = {
			isa = XCBuildConfiguration;
			buildSettings = {
				ALWAYS_SEARCH_USER_PATHS = NO;
				CLANG_ANALYZER_NONNULL = YES;
				CLANG_ANALYZER_NUMBER_OBJECT_CONVERSION = YES_AGGRESSIVE;
				CLANG_CXX_LANGUAGE_STANDARD = "gnu++14";
				CLANG_CXX_LIBRARY = "libc++";
				CLANG_ENABLE_MODULES = YES;
				CLANG_ENABLE_OBJC_ARC = YES;
				CLANG_ENABLE_OBJC_WEAK = YES;
				CLANG_WARN_BLOCK_CAPTURE_AUTORELEASING = YES;
				CLANG_WARN_BOOL_CONVERSION = YES;
				CLANG_WARN_COMMA = YES;
				CLANG_WARN_CONSTANT_CONVERSION = YES;
				CLANG_WARN_DEPRECATED_OBJC_IMPLEMENTATIONS = YES;
				CLANG_WARN_DIRECT_OBJC_ISA_USAGE = YES_ERROR;
				CLANG_WARN_DOCUMENTATION_COMMENTS = YES;
				CLANG_WARN_EMPTY_BODY = YES;
				CLANG_WARN_ENUM_CONVERSION = YES;
				CLANG_WARN_INFINITE_RECURSION = YES;
				CLANG_WARN_INT_CONVERSION = YES;
				CLANG_WARN_NON_LITERAL_NULL_CONVERSION = YES;
				CLANG_WARN_OBJC_IMPLICIT_RETAIN_SELF = YES;
				CLANG_WARN_OBJC_LITERAL_CONVERSION = YES;
				CLANG_WARN_OBJC_ROOT_CLASS = YES_ERROR;
				CLANG_WARN_QUOTED_INCLUDE_IN_FRAMEWORK_HEADER = YES;
				CLANG_WARN_RANGE_LOOP_ANALYSIS = YES;
				CLANG_WARN_STRICT_PROTOTYPES = YES;
				CLANG_WARN_SUSPICIOUS_MOVE = YES;
				CLANG_WARN_UNGUARDED_AVAILABILITY = YES_AGGRESSIVE;
				CLANG_WARN_UNREACHABLE_CODE = YES;
				CLANG_WARN__DUPLICATE_METHOD_MATCH = YES;
				COPY_PHASE_STRIP = NO;
				DEBUG_INFORMATION_FORMAT = "dwarf-with-dsym";
				ENABLE_NS_ASSERTIONS = NO;
				ENABLE_STRICT_OBJC_MSGSEND = YES;
				GCC_C_LANGUAGE_STANDARD = gnu11;
				GCC_NO_COMMON_BLOCKS = YES;
				GCC_WARN_64_TO_32_BIT_CONVERSION = YES;
				GCC_WARN_ABOUT_RETURN_TYPE = YES_ERROR;
				GCC_WARN_UNDECLARED_SELECTOR = YES;
				GCC_WARN_UNINITIALIZED_AUTOS = YES_AGGRESSIVE;
				GCC_WARN_UNUSED_FUNCTION = YES;
				GCC_WARN_UNUSED_VARIABLE = YES;
				IPHONEOS_DEPLOYMENT_TARGET = 14.1;
				MTL_ENABLE_DEBUG_INFO = NO;
				MTL_FAST_MATH = YES;
				SDKROOT = iphoneos;
				SWIFT_COMPILATION_MODE = wholemodule;
				SWIFT_OPTIMIZATION_LEVEL = "-O";
				VALIDATE_PRODUCT = YES;
			};
			name = Release;
		};
		18D8CEA725626D1800D54B0D /* Debug */ = {
			isa = XCBuildConfiguration;
			buildSettings = {
				ASSETCATALOG_COMPILER_APPICON_NAME = AppIcon;
				ASSETCATALOG_COMPILER_GLOBAL_ACCENT_COLOR_NAME = AccentColor;
				CODE_SIGN_STYLE = Automatic;
				DEVELOPMENT_TEAM = X64KFLXG3H;
				INFOPLIST_FILE = UIViewControllerModal/Info.plist;
				LD_RUNPATH_SEARCH_PATHS = (
					"$(inherited)",
					"@executable_path/Frameworks",
				);
				PRODUCT_BUNDLE_IDENTIFIER = com.nutdanai.vankrua.UIViewControllerModal;
				PRODUCT_NAME = "$(TARGET_NAME)";
				SWIFT_VERSION = 5.0;
				TARGETED_DEVICE_FAMILY = "1,2";
			};
			name = Debug;
		};
		18D8CEA825626D1800D54B0D /* Release */ = {
			isa = XCBuildConfiguration;
			buildSettings = {
				ASSETCATALOG_COMPILER_APPICON_NAME = AppIcon;
				ASSETCATALOG_COMPILER_GLOBAL_ACCENT_COLOR_NAME = AccentColor;
				CODE_SIGN_STYLE = Automatic;
				DEVELOPMENT_TEAM = X64KFLXG3H;
				INFOPLIST_FILE = UIViewControllerModal/Info.plist;
				LD_RUNPATH_SEARCH_PATHS = (
					"$(inherited)",
					"@executable_path/Frameworks",
				);
				PRODUCT_BUNDLE_IDENTIFIER = com.nutdanai.vankrua.UIViewControllerModal;
				PRODUCT_NAME = "$(TARGET_NAME)";
				SWIFT_VERSION = 5.0;
				TARGETED_DEVICE_FAMILY = "1,2";
			};
			name = Release;
		};
		18D8CEAA25626D1800D54B0D /* Debug */ = {
			isa = XCBuildConfiguration;
			buildSettings = {
				ALWAYS_EMBED_SWIFT_STANDARD_LIBRARIES = YES;
				BUNDLE_LOADER = "$(TEST_HOST)";
				CODE_SIGN_STYLE = Automatic;
				DEVELOPMENT_TEAM = X64KFLXG3H;
				INFOPLIST_FILE = UIViewControllerModalTests/Info.plist;
				IPHONEOS_DEPLOYMENT_TARGET = 14.1;
				LD_RUNPATH_SEARCH_PATHS = (
					"$(inherited)",
					"@executable_path/Frameworks",
					"@loader_path/Frameworks",
				);
				PRODUCT_BUNDLE_IDENTIFIER = com.nutdanai.vankrua.UIViewControllerModalTests;
				PRODUCT_NAME = "$(TARGET_NAME)";
				SWIFT_VERSION = 5.0;
				TARGETED_DEVICE_FAMILY = "1,2";
				TEST_HOST = "$(BUILT_PRODUCTS_DIR)/UIViewControllerModal.app/UIViewControllerModal";
			};
			name = Debug;
		};
		18D8CEAB25626D1800D54B0D /* Release */ = {
			isa = XCBuildConfiguration;
			buildSettings = {
				ALWAYS_EMBED_SWIFT_STANDARD_LIBRARIES = YES;
				BUNDLE_LOADER = "$(TEST_HOST)";
				CODE_SIGN_STYLE = Automatic;
				DEVELOPMENT_TEAM = X64KFLXG3H;
				INFOPLIST_FILE = UIViewControllerModalTests/Info.plist;
				IPHONEOS_DEPLOYMENT_TARGET = 14.1;
				LD_RUNPATH_SEARCH_PATHS = (
					"$(inherited)",
					"@executable_path/Frameworks",
					"@loader_path/Frameworks",
				);
				PRODUCT_BUNDLE_IDENTIFIER = com.nutdanai.vankrua.UIViewControllerModalTests;
				PRODUCT_NAME = "$(TARGET_NAME)";
				SWIFT_VERSION = 5.0;
				TARGETED_DEVICE_FAMILY = "1,2";
				TEST_HOST = "$(BUILT_PRODUCTS_DIR)/UIViewControllerModal.app/UIViewControllerModal";
			};
			name = Release;
		};
		18D8CEAD25626D1800D54B0D /* Debug */ = {
			isa = XCBuildConfiguration;
			buildSettings = {
				ALWAYS_EMBED_SWIFT_STANDARD_LIBRARIES = YES;
				CODE_SIGN_STYLE = Automatic;
				DEVELOPMENT_TEAM = X64KFLXG3H;
				INFOPLIST_FILE = UIViewControllerModalUITests/Info.plist;
				LD_RUNPATH_SEARCH_PATHS = (
					"$(inherited)",
					"@executable_path/Frameworks",
					"@loader_path/Frameworks",
				);
				PRODUCT_BUNDLE_IDENTIFIER = com.nutdanai.vankrua.UIViewControllerModalUITests;
				PRODUCT_NAME = "$(TARGET_NAME)";
				SWIFT_VERSION = 5.0;
				TARGETED_DEVICE_FAMILY = "1,2";
				TEST_TARGET_NAME = UIViewControllerModal;
			};
			name = Debug;
		};
		18D8CEAE25626D1800D54B0D /* Release */ = {
			isa = XCBuildConfiguration;
			buildSettings = {
				ALWAYS_EMBED_SWIFT_STANDARD_LIBRARIES = YES;
				CODE_SIGN_STYLE = Automatic;
				DEVELOPMENT_TEAM = X64KFLXG3H;
				INFOPLIST_FILE = UIViewControllerModalUITests/Info.plist;
				LD_RUNPATH_SEARCH_PATHS = (
					"$(inherited)",
					"@executable_path/Frameworks",
					"@loader_path/Frameworks",
				);
				PRODUCT_BUNDLE_IDENTIFIER = com.nutdanai.vankrua.UIViewControllerModalUITests;
				PRODUCT_NAME = "$(TARGET_NAME)";
				SWIFT_VERSION = 5.0;
				TARGETED_DEVICE_FAMILY = "1,2";
				TEST_TARGET_NAME = UIViewControllerModal;
			};
			name = Release;
		};
/* End XCBuildConfiguration section */

/* Begin XCConfigurationList section */
		18D8CE7425626D1600D54B0D /* Build configuration list for PBXProject "UIViewControllerModal" */ = {
			isa = XCConfigurationList;
			buildConfigurations = (
				18D8CEA425626D1800D54B0D /* Debug */,
				18D8CEA525626D1800D54B0D /* Release */,
			);
			defaultConfigurationIsVisible = 0;
			defaultConfigurationName = Release;
		};
		18D8CEA625626D1800D54B0D /* Build configuration list for PBXNativeTarget "UIViewControllerModal" */ = {
			isa = XCConfigurationList;
			buildConfigurations = (
				18D8CEA725626D1800D54B0D /* Debug */,
				18D8CEA825626D1800D54B0D /* Release */,
			);
			defaultConfigurationIsVisible = 0;
			defaultConfigurationName = Release;
		};
		18D8CEA925626D1800D54B0D /* Build configuration list for PBXNativeTarget "UIViewControllerModalTests" */ = {
			isa = XCConfigurationList;
			buildConfigurations = (
				18D8CEAA25626D1800D54B0D /* Debug */,
				18D8CEAB25626D1800D54B0D /* Release */,
			);
			defaultConfigurationIsVisible = 0;
			defaultConfigurationName = Release;
		};
		18D8CEAC25626D1800D54B0D /* Build configuration list for PBXNativeTarget "UIViewControllerModalUITests" */ = {
			isa = XCConfigurationList;
			buildConfigurations = (
				18D8CEAD25626D1800D54B0D /* Debug */,
				18D8CEAE25626D1800D54B0D /* Release */,
			);
			defaultConfigurationIsVisible = 0;
			defaultConfigurationName = Release;
		};
/* End XCConfigurationList section */

/* Begin XCVersionGroup section */
		18D8CE8525626D1600D54B0D /* UIViewControllerModal.xcdatamodeld */ = {
			isa = XCVersionGroup;
			children = (
				18D8CE8625626D1600D54B0D /* UIViewControllerModal.xcdatamodel */,
			);
			currentVersion = 18D8CE8625626D1600D54B0D /* UIViewControllerModal.xcdatamodel */;
			path = UIViewControllerModal.xcdatamodeld;
			sourceTree = "<group>";
			versionGroupType = wrapper.xcdatamodel;
		};
/* End XCVersionGroup section */
	};
	rootObject = 18D8CE7125626D1600D54B0D /* Project object */;
}
